
Microsoft Visual Studio Solution File, Format Version 12.00
# Visual Studio Version 17
VisualStudioVersion = 17.8.34330.188
MinimumVisualStudioVersion = 10.0.40219.1
Project("{FAE04EC0-301F-11D3-BF4B-00C04F79EFBC}") = "FirstWebAppMVC", "FirstWebAppMVC\FirstWebAppMVC.csproj", "{C479BCCD-3C9A-4509-B399-8275E47B4F64}"
EndProject
Project("{9A19103F-16F7-4668-BE54-9A1E7A4F7556}") = "BuinessLogic Library", "..\DisconnecteadDemo\BuinessLogic Library\BuinessLogic Library.csproj", "{94B9B99C-28E2-4391-B0BD-CE7E0DC3A5A0}"
EndProject
Project("{9A19103F-16F7-4668-BE54-9A1E7A4F7556}") = "DataAccessLibrery", "..\DisconnecteadDemo\DataAccessLibrery\DataAccessLibrery.csproj", "{03D3AE54-C0FE-4C88-9B55-7ECADC75685E}"
EndProject
Project("{9A19103F-16F7-4668-BE54-9A1E7A4F7556}") = "HelperLibery", "..\DisconnecteadDemo\HelperLibery\HelperLibery.csproj", "{BEE44F21-9093-4FF9-BB0E-335002A2F099}"
EndProject
Global
	GlobalSection(SolutionConfigurationPlatforms) = preSolution
		Debug|Any CPU = Debug|Any CPU
		Release|Any CPU = Release|Any CPU
	EndGlobalSection
	GlobalSection(ProjectConfigurationPlatforms) = postSolution
		{C479BCCD-3C9A-4509-B399-8275E47B4F64}.Debug|Any CPU.ActiveCfg = Debug|Any CPU
		{C479BCCD-3C9A-4509-B399-8275E47B4F64}.Debug|Any CPU.Build.0 = Debug|Any CPU
		{C479BCCD-3C9A-4509-B399-8275E47B4F64}.Release|Any CPU.ActiveCfg = Release|Any CPU
		{C479BCCD-3C9A-4509-B399-8275E47B4F64}.Release|Any CPU.Build.0 = Release|Any CPU
		{94B9B99C-28E2-4391-B0BD-CE7E0DC3A5A0}.Debug|Any CPU.ActiveCfg = Debug|Any CPU
		{94B9B99C-28E2-4391-B0BD-CE7E0DC3A5A0}.Debug|Any CPU.Build.0 = Debug|Any CPU
		{94B9B99C-28E2-4391-B0BD-CE7E0DC3A5A0}.Release|Any CPU.ActiveCfg = Release|Any CPU
		{94B9B99C-28E2-4391-B0BD-CE7E0DC3A5A0}.Release|Any CPU.Build.0 = Release|Any CPU
		{03D3AE54-C0FE-4C88-9B55-7ECADC75685E}.Debug|Any CPU.ActiveCfg = Debug|Any CPU
		{03D3AE54-C0FE-4C88-9B55-7ECADC75685E}.Debug|Any CPU.Build.0 = Debug|Any CPU
		{03D3AE54-C0FE-4C88-9B55-7ECADC75685E}.Release|Any CPU.ActiveCfg = Release|Any CPU
		{03D3AE54-C0FE-4C88-9B55-7ECADC75685E}.Release|Any CPU.Build.0 = Release|Any CPU
		{BEE44F21-9093-4FF9-BB0E-335002A2F099}.Debug|Any CPU.ActiveCfg = Debug|Any CPU
		{BEE44F21-9093-4FF9-BB0E-335002A2F099}.Debug|Any CPU.Build.0 = Debug|Any CPU
		{BEE44F21-9093-4FF9-BB0E-335002A2F099}.Release|Any CPU.ActiveCfg = Release|Any CPU
		{BEE44F21-9093-4FF9-BB0E-335002A2F099}.Release|Any CPU.Build.0 = Release|Any CPU
	EndGlobalSection
	GlobalSection(SolutionProperties) = preSolution
		HideSolutionNode = FALSE
	EndGlobalSection
	GlobalSection(ExtensibilityGlobals) = postSolution
		SolutionGuid = {2F3908D6-2DAD-404F-A8E5-912717D17819}
	EndGlobalSection
EndGlobal
